// !$*UTF8*$!
{
	archiveVersion = 1;
	classes = {
	};
	objectVersion = 46;
	objects = {

/* Begin PBXBuildFile section */
		3042515B1A9AA80A000A44BA /* AppDelegate.swift in Sources */ = {isa = PBXBuildFile; fileRef = 3042515A1A9AA80A000A44BA /* AppDelegate.swift */; };
		3042515D1A9AA80A000A44BA /* ViewController.swift in Sources */ = {isa = PBXBuildFile; fileRef = 3042515C1A9AA80A000A44BA /* ViewController.swift */; };
		304251601A9AA80A000A44BA /* Main.storyboard in Resources */ = {isa = PBXBuildFile; fileRef = 3042515E1A9AA80A000A44BA /* Main.storyboard */; };
		304251621A9AA80A000A44BA /* Images.xcassets in Resources */ = {isa = PBXBuildFile; fileRef = 304251611A9AA80A000A44BA /* Images.xcassets */; };
		304251651A9AA80A000A44BA /* LaunchScreen.xib in Resources */ = {isa = PBXBuildFile; fileRef = 304251631A9AA80A000A44BA /* LaunchScreen.xib */; };
		3042517C1A9AA85F000A44BA /* Awaitable.swift in Sources */ = {isa = PBXBuildFile; fileRef = 3042517A1A9AA85F000A44BA /* Awaitable.swift */; };
		3042517D1A9AA85F000A44BA /* BlockContext.swift in Sources */ = {isa = PBXBuildFile; fileRef = 3042517B1A9AA85F000A44BA /* BlockContext.swift */; };
		3042517F1A9AA86C000A44BA /* Duration.swift in Sources */ = {isa = PBXBuildFile; fileRef = 3042517E1A9AA86C000A44BA /* Duration.swift */; };
		304251841A9AA874000A44BA /* Memory.m in Sources */ = {isa = PBXBuildFile; fileRef = 304251821A9AA874000A44BA /* Memory.m */; };
		304251851A9AA874000A44BA /* ThreadLocal.swift in Sources */ = {isa = PBXBuildFile; fileRef = 304251831A9AA874000A44BA /* ThreadLocal.swift */; };
		304251891A9AA8C4000A44BA /* ThreadLocalTests.swift in Sources */ = {isa = PBXBuildFile; fileRef = 304251881A9AA8C4000A44BA /* ThreadLocalTests.swift */; };
		3042518B1A9AABB1000A44BA /* QueueLocal.swift in Sources */ = {isa = PBXBuildFile; fileRef = 3042518A1A9AABB1000A44BA /* QueueLocal.swift */; };
		30516FF51A9EB9FB008F95FF /* AtomicObject.swift in Sources */ = {isa = PBXBuildFile; fileRef = 30516FF41A9EB9FB008F95FF /* AtomicObject.swift */; };
		307E9C8E1A9C768600F8F85F /* ExecutionContextTetsts.swift in Sources */ = {isa = PBXBuildFile; fileRef = 307E9C8D1A9C768600F8F85F /* ExecutionContextTetsts.swift */; };
		308449F51A9D417B00EE7593 /* Exception.m in Sources */ = {isa = PBXBuildFile; fileRef = 308449F21A9D417B00EE7593 /* Exception.m */; };
		308449F61A9D417B00EE7593 /* Exception.swift in Sources */ = {isa = PBXBuildFile; fileRef = 308449F41A9D417B00EE7593 /* Exception.swift */; };
		308449F81A9D600C00EE7593 /* Future.swift in Sources */ = {isa = PBXBuildFile; fileRef = 308449F71A9D600C00EE7593 /* Future.swift */; };
		308449FA1A9D601A00EE7593 /* Promise.swift in Sources */ = {isa = PBXBuildFile; fileRef = 308449F91A9D601A00EE7593 /* Promise.swift */; };
		30B6E51A1A9ABD770059A2FD /* Memory.swift in Sources */ = {isa = PBXBuildFile; fileRef = 30B6E5191A9ABD770059A2FD /* Memory.swift */; };
		30B6E51C1A9C3C540059A2FD /* ExecutionContext.swift in Sources */ = {isa = PBXBuildFile; fileRef = 30B6E51B1A9C3C540059A2FD /* ExecutionContext.swift */; };
		30CA97191A9C3E9C00DA05C2 /* Result.swift in Sources */ = {isa = PBXBuildFile; fileRef = 30CA97181A9C3E9C00DA05C2 /* Result.swift */; };
/* End PBXBuildFile section */

/* Begin PBXContainerItemProxy section */
		3042516B1A9AA80A000A44BA /* PBXContainerItemProxy */ = {
			isa = PBXContainerItemProxy;
			containerPortal = 3042514D1A9AA80A000A44BA /* Project object */;
			proxyType = 1;
			remoteGlobalIDString = 304251541A9AA80A000A44BA;
			remoteInfo = Concurrency;
		};
/* End PBXContainerItemProxy section */

/* Begin PBXFileReference section */
		304251551A9AA80A000A44BA /* Concurrency.app */ = {isa = PBXFileReference; explicitFileType = wrapper.application; includeInIndex = 0; path = Concurrency.app; sourceTree = BUILT_PRODUCTS_DIR; };
		304251591A9AA80A000A44BA /* Info.plist */ = {isa = PBXFileReference; lastKnownFileType = text.plist.xml; path = Info.plist; sourceTree = "<group>"; };
		3042515A1A9AA80A000A44BA /* AppDelegate.swift */ = {isa = PBXFileReference; lastKnownFileType = sourcecode.swift; path = AppDelegate.swift; sourceTree = "<group>"; };
		3042515C1A9AA80A000A44BA /* ViewController.swift */ = {isa = PBXFileReference; lastKnownFileType = sourcecode.swift; path = ViewController.swift; sourceTree = "<group>"; };
		3042515F1A9AA80A000A44BA /* Base */ = {isa = PBXFileReference; lastKnownFileType = file.storyboard; name = Base; path = Base.lproj/Main.storyboard; sourceTree = "<group>"; };
		304251611A9AA80A000A44BA /* Images.xcassets */ = {isa = PBXFileReference; lastKnownFileType = folder.assetcatalog; path = Images.xcassets; sourceTree = "<group>"; };
		304251641A9AA80A000A44BA /* Base */ = {isa = PBXFileReference; lastKnownFileType = file.xib; name = Base; path = Base.lproj/LaunchScreen.xib; sourceTree = "<group>"; };
		3042516A1A9AA80A000A44BA /* ConcurrencyTests.xctest */ = {isa = PBXFileReference; explicitFileType = wrapper.cfbundle; includeInIndex = 0; path = ConcurrencyTests.xctest; sourceTree = BUILT_PRODUCTS_DIR; };
		3042516F1A9AA80A000A44BA /* Info.plist */ = {isa = PBXFileReference; lastKnownFileType = text.plist.xml; path = Info.plist; sourceTree = "<group>"; };
		3042517A1A9AA85F000A44BA /* Awaitable.swift */ = {isa = PBXFileReference; fileEncoding = 4; lastKnownFileType = sourcecode.swift; path = Awaitable.swift; sourceTree = "<group>"; };
		3042517B1A9AA85F000A44BA /* BlockContext.swift */ = {isa = PBXFileReference; fileEncoding = 4; lastKnownFileType = sourcecode.swift; path = BlockContext.swift; sourceTree = "<group>"; };
		3042517E1A9AA86C000A44BA /* Duration.swift */ = {isa = PBXFileReference; fileEncoding = 4; lastKnownFileType = sourcecode.swift; path = Duration.swift; sourceTree = "<group>"; };
		304251801A9AA874000A44BA /* Concurrency-Bridging-Header.h */ = {isa = PBXFileReference; lastKnownFileType = sourcecode.c.h; path = "Concurrency-Bridging-Header.h"; sourceTree = "<group>"; };
		304251811A9AA874000A44BA /* Memory.h */ = {isa = PBXFileReference; fileEncoding = 4; lastKnownFileType = sourcecode.c.h; path = Memory.h; sourceTree = "<group>"; };
		304251821A9AA874000A44BA /* Memory.m */ = {isa = PBXFileReference; fileEncoding = 4; lastKnownFileType = sourcecode.c.objc; path = Memory.m; sourceTree = "<group>"; };
		304251831A9AA874000A44BA /* ThreadLocal.swift */ = {isa = PBXFileReference; fileEncoding = 4; lastKnownFileType = sourcecode.swift; path = ThreadLocal.swift; sourceTree = "<group>"; };
		304251881A9AA8C4000A44BA /* ThreadLocalTests.swift */ = {isa = PBXFileReference; fileEncoding = 4; lastKnownFileType = sourcecode.swift; path = ThreadLocalTests.swift; sourceTree = "<group>"; };
		3042518A1A9AABB1000A44BA /* QueueLocal.swift */ = {isa = PBXFileReference; fileEncoding = 4; lastKnownFileType = sourcecode.swift; path = QueueLocal.swift; sourceTree = "<group>"; };
		30516FF41A9EB9FB008F95FF /* AtomicObject.swift */ = {isa = PBXFileReference; fileEncoding = 4; lastKnownFileType = sourcecode.swift; path = AtomicObject.swift; sourceTree = "<group>"; };
		307E9C8D1A9C768600F8F85F /* ExecutionContextTetsts.swift */ = {isa = PBXFileReference; fileEncoding = 4; lastKnownFileType = sourcecode.swift; path = ExecutionContextTetsts.swift; sourceTree = "<group>"; };
		308449F21A9D417B00EE7593 /* Exception.m */ = {isa = PBXFileReference; fileEncoding = 4; lastKnownFileType = sourcecode.c.objc; path = Exception.m; sourceTree = "<group>"; };
		308449F31A9D417B00EE7593 /* Exception.h */ = {isa = PBXFileReference; fileEncoding = 4; lastKnownFileType = sourcecode.c.h; path = Exception.h; sourceTree = "<group>"; };
		308449F41A9D417B00EE7593 /* Exception.swift */ = {isa = PBXFileReference; fileEncoding = 4; lastKnownFileType = sourcecode.swift; path = Exception.swift; sourceTree = "<group>"; };
		308449F71A9D600C00EE7593 /* Future.swift */ = {isa = PBXFileReference; fileEncoding = 4; lastKnownFileType = sourcecode.swift; path = Future.swift; sourceTree = "<group>"; };
		308449F91A9D601A00EE7593 /* Promise.swift */ = {isa = PBXFileReference; fileEncoding = 4; lastKnownFileType = sourcecode.swift; path = Promise.swift; sourceTree = "<group>"; };
		30B6E5191A9ABD770059A2FD /* Memory.swift */ = {isa = PBXFileReference; fileEncoding = 4; lastKnownFileType = sourcecode.swift; path = Memory.swift; sourceTree = "<group>"; };
		30B6E51B1A9C3C540059A2FD /* ExecutionContext.swift */ = {isa = PBXFileReference; fileEncoding = 4; lastKnownFileType = sourcecode.swift; path = ExecutionContext.swift; sourceTree = "<group>"; };
		30CA97181A9C3E9C00DA05C2 /* Result.swift */ = {isa = PBXFileReference; fileEncoding = 4; lastKnownFileType = sourcecode.swift; path = Result.swift; sourceTree = "<group>"; };
/* End PBXFileReference section */

/* Begin PBXFrameworksBuildPhase section */
		304251521A9AA80A000A44BA /* Frameworks */ = {
			isa = PBXFrameworksBuildPhase;
			buildActionMask = 2147483647;
			files = (
			);
			runOnlyForDeploymentPostprocessing = 0;
		};
		304251671A9AA80A000A44BA /* Frameworks */ = {
			isa = PBXFrameworksBuildPhase;
			buildActionMask = 2147483647;
			files = (
			);
			runOnlyForDeploymentPostprocessing = 0;
		};
/* End PBXFrameworksBuildPhase section */

/* Begin PBXGroup section */
		3042514C1A9AA80A000A44BA = {
			isa = PBXGroup;
			children = (
				304251571A9AA80A000A44BA /* Concurrency */,
				3042516D1A9AA80A000A44BA /* ConcurrencyTests */,
				304251561A9AA80A000A44BA /* Products */,
			);
			sourceTree = "<group>";
		};
		304251561A9AA80A000A44BA /* Products */ = {
			isa = PBXGroup;
			children = (
				304251551A9AA80A000A44BA /* Concurrency.app */,
				3042516A1A9AA80A000A44BA /* ConcurrencyTests.xctest */,
			);
			name = Products;
			sourceTree = "<group>";
		};
		304251571A9AA80A000A44BA /* Concurrency */ = {
			isa = PBXGroup;
			children = (
				30516FF41A9EB9FB008F95FF /* AtomicObject.swift */,
				3042517A1A9AA85F000A44BA /* Awaitable.swift */,
				3042517B1A9AA85F000A44BA /* BlockContext.swift */,
				3042517E1A9AA86C000A44BA /* Duration.swift */,
				308449F41A9D417B00EE7593 /* Exception.swift */,
				308449F31A9D417B00EE7593 /* Exception.h */,
				308449F21A9D417B00EE7593 /* Exception.m */,
				30B6E51B1A9C3C540059A2FD /* ExecutionContext.swift */,
				308449F71A9D600C00EE7593 /* Future.swift */,
				30B6E5191A9ABD770059A2FD /* Memory.swift */,
				304251811A9AA874000A44BA /* Memory.h */,
				304251821A9AA874000A44BA /* Memory.m */,
				308449F91A9D601A00EE7593 /* Promise.swift */,
				3042518A1A9AABB1000A44BA /* QueueLocal.swift */,
				30CA97181A9C3E9C00DA05C2 /* Result.swift */,
				304251831A9AA874000A44BA /* ThreadLocal.swift */,
				304251581A9AA80A000A44BA /* Supporting Files */,
				304251801A9AA874000A44BA /* Concurrency-Bridging-Header.h */,
				304251861A9AA890000A44BA /* App */,
			);
			path = Concurrency;
			sourceTree = "<group>";
		};
		304251581A9AA80A000A44BA /* Supporting Files */ = {
			isa = PBXGroup;
			children = (
				304251591A9AA80A000A44BA /* Info.plist */,
			);
			name = "Supporting Files";
			sourceTree = "<group>";
		};
		3042516D1A9AA80A000A44BA /* ConcurrencyTests */ = {
			isa = PBXGroup;
			children = (
				304251881A9AA8C4000A44BA /* ThreadLocalTests.swift */,
				307E9C8D1A9C768600F8F85F /* ExecutionContextTetsts.swift */,
				3042516E1A9AA80A000A44BA /* Supporting Files */,
			);
			path = ConcurrencyTests;
			sourceTree = "<group>";
		};
		3042516E1A9AA80A000A44BA /* Supporting Files */ = {
			isa = PBXGroup;
			children = (
				3042516F1A9AA80A000A44BA /* Info.plist */,
			);
			name = "Supporting Files";
			sourceTree = "<group>";
		};
		304251861A9AA890000A44BA /* App */ = {
			isa = PBXGroup;
			children = (
				3042515A1A9AA80A000A44BA /* AppDelegate.swift */,
				3042515C1A9AA80A000A44BA /* ViewController.swift */,
				3042515E1A9AA80A000A44BA /* Main.storyboard */,
				304251611A9AA80A000A44BA /* Images.xcassets */,
				304251631A9AA80A000A44BA /* LaunchScreen.xib */,
			);
			name = App;
			sourceTree = "<group>";
		};
/* End PBXGroup section */

/* Begin PBXNativeTarget section */
		304251541A9AA80A000A44BA /* Concurrency */ = {
			isa = PBXNativeTarget;
			buildConfigurationList = 304251741A9AA80A000A44BA /* Build configuration list for PBXNativeTarget "Concurrency" */;
			buildPhases = (
				304251511A9AA80A000A44BA /* Sources */,
				304251521A9AA80A000A44BA /* Frameworks */,
				304251531A9AA80A000A44BA /* Resources */,
			);
			buildRules = (
			);
			dependencies = (
			);
			name = Concurrency;
			productName = Concurrency;
			productReference = 304251551A9AA80A000A44BA /* Concurrency.app */;
			productType = "com.apple.product-type.application";
		};
		304251691A9AA80A000A44BA /* ConcurrencyTests */ = {
			isa = PBXNativeTarget;
			buildConfigurationList = 304251771A9AA80A000A44BA /* Build configuration list for PBXNativeTarget "ConcurrencyTests" */;
			buildPhases = (
				304251661A9AA80A000A44BA /* Sources */,
				304251671A9AA80A000A44BA /* Frameworks */,
				304251681A9AA80A000A44BA /* Resources */,
			);
			buildRules = (
			);
			dependencies = (
				3042516C1A9AA80A000A44BA /* PBXTargetDependency */,
			);
			name = ConcurrencyTests;
			productName = ConcurrencyTests;
			productReference = 3042516A1A9AA80A000A44BA /* ConcurrencyTests.xctest */;
			productType = "com.apple.product-type.bundle.unit-test";
		};
/* End PBXNativeTarget section */

/* Begin PBXProject section */
		3042514D1A9AA80A000A44BA /* Project object */ = {
			isa = PBXProject;
			attributes = {
				LastUpgradeCheck = 0630;
				ORGANIZATIONNAME = "Peter Zhivkov.";
				TargetAttributes = {
					304251541A9AA80A000A44BA = {
						CreatedOnToolsVersion = 6.3;
					};
					304251691A9AA80A000A44BA = {
						CreatedOnToolsVersion = 6.3;
						TestTargetID = 304251541A9AA80A000A44BA;
					};
				};
			};
			buildConfigurationList = 304251501A9AA80A000A44BA /* Build configuration list for PBXProject "Concurrency" */;
			compatibilityVersion = "Xcode 3.2";
			developmentRegion = English;
			hasScannedForEncodings = 0;
			knownRegions = (
				en,
				Base,
			);
			mainGroup = 3042514C1A9AA80A000A44BA;
			productRefGroup = 304251561A9AA80A000A44BA /* Products */;
			projectDirPath = "";
			projectRoot = "";
			targets = (
				304251541A9AA80A000A44BA /* Concurrency */,
				304251691A9AA80A000A44BA /* ConcurrencyTests */,
			);
		};
/* End PBXProject section */

/* Begin PBXResourcesBuildPhase section */
		304251531A9AA80A000A44BA /* Resources */ = {
			isa = PBXResourcesBuildPhase;
			buildActionMask = 2147483647;
			files = (
				304251601A9AA80A000A44BA /* Main.storyboard in Resources */,
				304251651A9AA80A000A44BA /* LaunchScreen.xib in Resources */,
				304251621A9AA80A000A44BA /* Images.xcassets in Resources */,
			);
			runOnlyForDeploymentPostprocessing = 0;
		};
		304251681A9AA80A000A44BA /* Resources */ = {
			isa = PBXResourcesBuildPhase;
			buildActionMask = 2147483647;
			files = (
			);
			runOnlyForDeploymentPostprocessing = 0;
		};
/* End PBXResourcesBuildPhase section */

/* Begin PBXSourcesBuildPhase section */
		304251511A9AA80A000A44BA /* Sources */ = {
			isa = PBXSourcesBuildPhase;
			buildActionMask = 2147483647;
			files = (
				30B6E51A1A9ABD770059A2FD /* Memory.swift in Sources */,
				30516FF51A9EB9FB008F95FF /* AtomicObject.swift in Sources */,
				308449F51A9D417B00EE7593 /* Exception.m in Sources */,
				308449FA1A9D601A00EE7593 /* Promise.swift in Sources */,
				3042517F1A9AA86C000A44BA /* Duration.swift in Sources */,
				3042515D1A9AA80A000A44BA /* ViewController.swift in Sources */,
				3042517D1A9AA85F000A44BA /* BlockContext.swift in Sources */,
				3042518B1A9AABB1000A44BA /* QueueLocal.swift in Sources */,
				3042515B1A9AA80A000A44BA /* AppDelegate.swift in Sources */,
				30B6E51C1A9C3C540059A2FD /* ExecutionContext.swift in Sources */,
				308449F81A9D600C00EE7593 /* Future.swift in Sources */,
				308449F61A9D417B00EE7593 /* Exception.swift in Sources */,
				3042517C1A9AA85F000A44BA /* Awaitable.swift in Sources */,
				304251851A9AA874000A44BA /* ThreadLocal.swift in Sources */,
				304251841A9AA874000A44BA /* Memory.m in Sources */,
				30CA97191A9C3E9C00DA05C2 /* Result.swift in Sources */,
			);
			runOnlyForDeploymentPostprocessing = 0;
		};
		304251661A9AA80A000A44BA /* Sources */ = {
			isa = PBXSourcesBuildPhase;
			buildActionMask = 2147483647;
			files = (
				304251891A9AA8C4000A44BA /* ThreadLocalTests.swift in Sources */,
				307E9C8E1A9C768600F8F85F /* ExecutionContextTetsts.swift in Sources */,
			);
			runOnlyForDeploymentPostprocessing = 0;
		};
/* End PBXSourcesBuildPhase section */

/* Begin PBXTargetDependency section */
		3042516C1A9AA80A000A44BA /* PBXTargetDependency */ = {
			isa = PBXTargetDependency;
			target = 304251541A9AA80A000A44BA /* Concurrency */;
			targetProxy = 3042516B1A9AA80A000A44BA /* PBXContainerItemProxy */;
		};
/* End PBXTargetDependency section */

/* Begin PBXVariantGroup section */
		3042515E1A9AA80A000A44BA /* Main.storyboard */ = {
			isa = PBXVariantGroup;
			children = (
				3042515F1A9AA80A000A44BA /* Base */,
			);
			name = Main.storyboard;
			sourceTree = "<group>";
		};
		304251631A9AA80A000A44BA /* LaunchScreen.xib */ = {
			isa = PBXVariantGroup;
			children = (
				304251641A9AA80A000A44BA /* Base */,
			);
			name = LaunchScreen.xib;
			sourceTree = "<group>";
		};
/* End PBXVariantGroup section */

/* Begin XCBuildConfiguration section */
		304251721A9AA80A000A44BA /* Debug */ = {
			isa = XCBuildConfiguration;
			buildSettings = {
				ALWAYS_SEARCH_USER_PATHS = NO;
				CLANG_CXX_LANGUAGE_STANDARD = "gnu++0x";
				CLANG_CXX_LIBRARY = "libc++";
				CLANG_ENABLE_MODULES = YES;
				CLANG_ENABLE_OBJC_ARC = YES;
				CLANG_WARN_BOOL_CONVERSION = YES;
				CLANG_WARN_CONSTANT_CONVERSION = YES;
				CLANG_WARN_DIRECT_OBJC_ISA_USAGE = YES_ERROR;
				CLANG_WARN_EMPTY_BODY = YES;
				CLANG_WARN_ENUM_CONVERSION = YES;
				CLANG_WARN_INT_CONVERSION = YES;
				CLANG_WARN_OBJC_ROOT_CLASS = YES_ERROR;
				CLANG_WARN_UNREACHABLE_CODE = YES;
				CLANG_WARN__DUPLICATE_METHOD_MATCH = YES;
				"CODE_SIGN_IDENTITY[sdk=iphoneos*]" = "iPhone Developer";
				COPY_PHASE_STRIP = NO;
				DEBUG_INFORMATION_FORMAT = dwarf;
				ENABLE_STRICT_OBJC_MSGSEND = YES;
				GCC_C_LANGUAGE_STANDARD = gnu99;
				GCC_DYNAMIC_NO_PIC = NO;
				GCC_OPTIMIZATION_LEVEL = 0;
				GCC_PREPROCESSOR_DEFINITIONS = (
					"DEBUG=1",
					"$(inherited)",
				);
				GCC_SYMBOLS_PRIVATE_EXTERN = NO;
				GCC_WARN_64_TO_32_BIT_CONVERSION = YES;
				GCC_WARN_ABOUT_RETURN_TYPE = YES_ERROR;
				GCC_WARN_UNDECLARED_SELECTOR = YES;
				GCC_WARN_UNINITIALIZED_AUTOS = YES_AGGRESSIVE;
				GCC_WARN_UNUSED_FUNCTION = YES;
				GCC_WARN_UNUSED_VARIABLE = YES;
				IPHONEOS_DEPLOYMENT_TARGET = 8.3;
				MTL_ENABLE_DEBUG_INFO = YES;
				ONLY_ACTIVE_ARCH = YES;
				SDKROOT = iphoneos;
				SWIFT_OPTIMIZATION_LEVEL = "-Onone";
				TARGETED_DEVICE_FAMILY = "1,2";
			};
			name = Debug;
		};
		304251731A9AA80A000A44BA /* Release */ = {
			isa = XCBuildConfiguration;
			buildSettings = {
				ALWAYS_SEARCH_USER_PATHS = NO;
				CLANG_CXX_LANGUAGE_STANDARD = "gnu++0x";
				CLANG_CXX_LIBRARY = "libc++";
				CLANG_ENABLE_MODULES = YES;
				CLANG_ENABLE_OBJC_ARC = YES;
				CLANG_WARN_BOOL_CONVERSION = YES;
				CLANG_WARN_CONSTANT_CONVERSION = YES;
				CLANG_WARN_DIRECT_OBJC_ISA_USAGE = YES_ERROR;
				CLANG_WARN_EMPTY_BODY = YES;
				CLANG_WARN_ENUM_CONVERSION = YES;
				CLANG_WARN_INT_CONVERSION = YES;
				CLANG_WARN_OBJC_ROOT_CLASS = YES_ERROR;
				CLANG_WARN_UNREACHABLE_CODE = YES;
				CLANG_WARN__DUPLICATE_METHOD_MATCH = YES;
				"CODE_SIGN_IDENTITY[sdk=iphoneos*]" = "iPhone Developer";
				COPY_PHASE_STRIP = NO;
				DEBUG_INFORMATION_FORMAT = "dwarf-with-dsym";
				ENABLE_NS_ASSERTIONS = NO;
				ENABLE_STRICT_OBJC_MSGSEND = YES;
				GCC_C_LANGUAGE_STANDARD = gnu99;
				GCC_WARN_64_TO_32_BIT_CONVERSION = YES;
				GCC_WARN_ABOUT_RETURN_TYPE = YES_ERROR;
				GCC_WARN_UNDECLARED_SELECTOR = YES;
				GCC_WARN_UNINITIALIZED_AUTOS = YES_AGGRESSIVE;
				GCC_WARN_UNUSED_FUNCTION = YES;
				GCC_WARN_UNUSED_VARIABLE = YES;
				IPHONEOS_DEPLOYMENT_TARGET = 8.3;
				MTL_ENABLE_DEBUG_INFO = NO;
				SDKROOT = iphoneos;
				TARGETED_DEVICE_FAMILY = "1,2";
				VALIDATE_PRODUCT = YES;
			};
			name = Release;
		};
		304251751A9AA80A000A44BA /* Debug */ = {
			isa = XCBuildConfiguration;
			buildSettings = {
				ASSETCATALOG_COMPILER_APPICON_NAME = AppIcon;
				CLANG_ENABLE_MODULES = YES;
				INFOPLIST_FILE = Concurrency/Info.plist;
				LD_RUNPATH_SEARCH_PATHS = "$(inherited) @executable_path/Frameworks";
				PRODUCT_NAME = "$(TARGET_NAME)";
				SWIFT_OBJC_BRIDGING_HEADER = "Concurrency/Concurrency-Bridging-Header.h";
				SWIFT_OPTIMIZATION_LEVEL = "-Onone";
			};
			name = Debug;
		};
		304251761A9AA80A000A44BA /* Release */ = {
			isa = XCBuildConfiguration;
			buildSettings = {
				ASSETCATALOG_COMPILER_APPICON_NAME = AppIcon;
				CLANG_ENABLE_MODULES = YES;
				INFOPLIST_FILE = Concurrency/Info.plist;
				LD_RUNPATH_SEARCH_PATHS = "$(inherited) @executable_path/Frameworks";
				PRODUCT_NAME = "$(TARGET_NAME)";
				SWIFT_OBJC_BRIDGING_HEADER = "Concurrency/Concurrency-Bridging-Header.h";
			};
			name = Release;
		};
		304251781A9AA80A000A44BA /* Debug */ = {
			isa = XCBuildConfiguration;
			buildSettings = {
				BUNDLE_LOADER = "$(TEST_HOST)";
				CLANG_ENABLE_MODULES = YES;
				FRAMEWORK_SEARCH_PATHS = (
					"$(SDKROOT)/Developer/Library/Frameworks",
					"$(inherited)",
				);
				GCC_PREPROCESSOR_DEFINITIONS = (
					"DEBUG=1",
					"$(inherited)",
				);
				INFOPLIST_FILE = ConcurrencyTests/Info.plist;
				LD_RUNPATH_SEARCH_PATHS = "$(inherited) @executable_path/Frameworks @loader_path/Frameworks";
				PRODUCT_NAME = "$(TARGET_NAME)";
				SWIFT_OBJC_BRIDGING_HEADER = "";
				SWIFT_OPTIMIZATION_LEVEL = "-Onone";
				TEST_HOST = "$(BUILT_PRODUCTS_DIR)/Concurrency.app/Concurrency";
			};
			name = Debug;
		};
		304251791A9AA80A000A44BA /* Release */ = {
			isa = XCBuildConfiguration;
			buildSettings = {
				BUNDLE_LOADER = "$(TEST_HOST)";
				CLANG_ENABLE_MODULES = YES;
				FRAMEWORK_SEARCH_PATHS = (
					"$(SDKROOT)/Developer/Library/Frameworks",
					"$(inherited)",
				);
				INFOPLIST_FILE = ConcurrencyTests/Info.plist;
				LD_RUNPATH_SEARCH_PATHS = "$(inherited) @executable_path/Frameworks @loader_path/Frameworks";
				PRODUCT_NAME = "$(TARGET_NAME)";
				SWIFT_OBJC_BRIDGING_HEADER = "";
				TEST_HOST = "$(BUILT_PRODUCTS_DIR)/Concurrency.app/Concurrency";
			};
			name = Release;
		};
/* End XCBuildConfiguration section */

/* Begin XCConfigurationList section */
		304251501A9AA80A000A44BA /* Build configuration list for PBXProject "Concurrency" */ = {
			isa = XCConfigurationList;
			buildConfigurations = (
				304251721A9AA80A000A44BA /* Debug */,
				304251731A9AA80A000A44BA /* Release */,
			);
			defaultConfigurationIsVisible = 0;
			defaultConfigurationName = Release;
		};
		304251741A9AA80A000A44BA /* Build configuration list for PBXNativeTarget "Concurrency" */ = {
			isa = XCConfigurationList;
			buildConfigurations = (
				304251751A9AA80A000A44BA /* Debug */,
				304251761A9AA80A000A44BA /* Release */,
			);
			defaultConfigurationIsVisible = 0;
			defaultConfigurationName = Release;
		};
		304251771A9AA80A000A44BA /* Build configuration list for PBXNativeTarget "ConcurrencyTests" */ = {
			isa = XCConfigurationList;
			buildConfigurations = (
				304251781A9AA80A000A44BA /* Debug */,
				304251791A9AA80A000A44BA /* Release */,
			);
			defaultConfigurationIsVisible = 0;
			defaultConfigurationName = Release;
		};
/* End XCConfigurationList section */
	};
	rootObject = 3042514D1A9AA80A000A44BA /* Project object */;
}
